# THIS IS AN AUTOGENERATED FILE. DO NOT EDIT THIS FILE DIRECTLY.
# yarn lockfile v1


"@types/node@^12.12.8":
  version "12.12.8"
  resolved "https://artifactory.palantir.build/artifactory/api/npm/all-npm/@types/node/-/node-12.12.8.tgz#dab418655af39ce2fa99286a0bed21ef8072ac9d"
  integrity sha1-2rQYZVrznOL6mShqC+0h74ByrJ0=

typescript@^3.7.2:
  version "3.7.2"
  resolved "https://artifactory.palantir.build/artifactory/api/npm/all-npm/typescript/-/typescript-3.7.2.tgz#27e489b95fa5909445e9fef5ee48d81697ad18fb"
  integrity sha1-J+SJuV+lkJRF6f717kjYFpetGPs=
